// !$*UTF8*$!
{
	archiveVersion = 1;
	classes = {
	};
	objectVersion = 56;
	objects = {

/* Begin PBXBuildFile section */
		21D18A6E2AFA968C00F26BE2 /* _00_DaysP1_WeSplitApp.swift in Sources */ = {isa = PBXBuildFile; fileRef = 21D18A6D2AFA968C00F26BE2 /* _00_DaysP1_WeSplitApp.swift */; };
		21D18A702AFA968C00F26BE2 /* ContentView.swift in Sources */ = {isa = PBXBuildFile; fileRef = 21D18A6F2AFA968C00F26BE2 /* ContentView.swift */; };
		21D18A722AFA968C00F26BE2 /* Assets.xcassets in Resources */ = {isa = PBXBuildFile; fileRef = 21D18A712AFA968C00F26BE2 /* Assets.xcassets */; };
		21D18A752AFA968C00F26BE2 /* Preview Assets.xcassets in Resources */ = {isa = PBXBuildFile; fileRef = 21D18A742AFA968C00F26BE2 /* Preview Assets.xcassets */; };
		21D18A7F2AFA968C00F26BE2 /* _00_DaysP1_WeSplitTests.swift in Sources */ = {isa = PBXBuildFile; fileRef = 21D18A7E2AFA968C00F26BE2 /* _00_DaysP1_WeSplitTests.swift */; };
		21D18A892AFA968C00F26BE2 /* _00_DaysP1_WeSplitUITests.swift in Sources */ = {isa = PBXBuildFile; fileRef = 21D18A882AFA968C00F26BE2 /* _00_DaysP1_WeSplitUITests.swift */; };
		21D18A8B2AFA968C00F26BE2 /* _00_DaysP1_WeSplitUITestsLaunchTests.swift in Sources */ = {isa = PBXBuildFile; fileRef = 21D18A8A2AFA968C00F26BE2 /* _00_DaysP1_WeSplitUITestsLaunchTests.swift */; };
/* End PBXBuildFile section */

/* Begin PBXContainerItemProxy section */
		21D18A7B2AFA968C00F26BE2 /* PBXContainerItemProxy */ = {
			isa = PBXContainerItemProxy;
			containerPortal = 21D18A622AFA968B00F26BE2 /* Project object */;
			proxyType = 1;
			remoteGlobalIDString = 21D18A692AFA968B00F26BE2;
			remoteInfo = "100-DaysP1_WeSplit";
		};
		21D18A852AFA968C00F26BE2 /* PBXContainerItemProxy */ = {
			isa = PBXContainerItemProxy;
			containerPortal = 21D18A622AFA968B00F26BE2 /* Project object */;
			proxyType = 1;
			remoteGlobalIDString = 21D18A692AFA968B00F26BE2;
			remoteInfo = "100-DaysP1_WeSplit";
		};
/* End PBXContainerItemProxy section */

/* Begin PBXFileReference section */
		21D18A6A2AFA968B00F26BE2 /* 100-DaysP1_WeSplit.app */ = {isa = PBXFileReference; explicitFileType = wrapper.application; includeInIndex = 0; path = "100-DaysP1_WeSplit.app"; sourceTree = BUILT_PRODUCTS_DIR; };
		21D18A6D2AFA968C00F26BE2 /* _00_DaysP1_WeSplitApp.swift */ = {isa = PBXFileReference; lastKnownFileType = sourcecode.swift; path = _00_DaysP1_WeSplitApp.swift; sourceTree = "<group>"; };
		21D18A6F2AFA968C00F26BE2 /* ContentView.swift */ = {isa = PBXFileReference; lastKnownFileType = sourcecode.swift; path = ContentView.swift; sourceTree = "<group>"; };
		21D18A712AFA968C00F26BE2 /* Assets.xcassets */ = {isa = PBXFileReference; lastKnownFileType = folder.assetcatalog; path = Assets.xcassets; sourceTree = "<group>"; };
		21D18A742AFA968C00F26BE2 /* Preview Assets.xcassets */ = {isa = PBXFileReference; lastKnownFileType = folder.assetcatalog; path = "Preview Assets.xcassets"; sourceTree = "<group>"; };
		21D18A7A2AFA968C00F26BE2 /* 100-DaysP1_WeSplitTests.xctest */ = {isa = PBXFileReference; explicitFileType = wrapper.cfbundle; includeInIndex = 0; path = "100-DaysP1_WeSplitTests.xctest"; sourceTree = BUILT_PRODUCTS_DIR; };
		21D18A7E2AFA968C00F26BE2 /* _00_DaysP1_WeSplitTests.swift */ = {isa = PBXFileReference; lastKnownFileType = sourcecode.swift; path = _00_DaysP1_WeSplitTests.swift; sourceTree = "<group>"; };
		21D18A842AFA968C00F26BE2 /* 100-DaysP1_WeSplitUITests.xctest */ = {isa = PBXFileReference; explicitFileType = wrapper.cfbundle; includeInIndex = 0; path = "100-DaysP1_WeSplitUITests.xctest"; sourceTree = BUILT_PRODUCTS_DIR; };
		21D18A882AFA968C00F26BE2 /* _00_DaysP1_WeSplitUITests.swift */ = {isa = PBXFileReference; lastKnownFileType = sourcecode.swift; path = _00_DaysP1_WeSplitUITests.swift; sourceTree = "<group>"; };
		21D18A8A2AFA968C00F26BE2 /* _00_DaysP1_WeSplitUITestsLaunchTests.swift */ = {isa = PBXFileReference; lastKnownFileType = sourcecode.swift; path = _00_DaysP1_WeSplitUITestsLaunchTests.swift; sourceTree = "<group>"; };
/* End PBXFileReference section */

/* Begin PBXFrameworksBuildPhase section */
		21D18A672AFA968B00F26BE2 /* Frameworks */ = {
			isa = PBXFrameworksBuildPhase;
			buildActionMask = 2147483647;
			files = (
			);
			runOnlyForDeploymentPostprocessing = 0;
		};
		21D18A772AFA968C00F26BE2 /* Frameworks */ = {
			isa = PBXFrameworksBuildPhase;
			buildActionMask = 2147483647;
			files = (
			);
			runOnlyForDeploymentPostprocessing = 0;
		};
		21D18A812AFA968C00F26BE2 /* Frameworks */ = {
			isa = PBXFrameworksBuildPhase;
			buildActionMask = 2147483647;
			files = (
			);
			runOnlyForDeploymentPostprocessing = 0;
		};
/* End PBXFrameworksBuildPhase section */

/* Begin PBXGroup section */
		21D18A612AFA968B00F26BE2 = {
			isa = PBXGroup;
			children = (
				21D18A6C2AFA968C00F26BE2 /* 100-DaysP1_WeSplit */,
				21D18A7D2AFA968C00F26BE2 /* 100-DaysP1_WeSplitTests */,
				21D18A872AFA968C00F26BE2 /* 100-DaysP1_WeSplitUITests */,
				21D18A6B2AFA968B00F26BE2 /* Products */,
			);
			sourceTree = "<group>";
		};
		21D18A6B2AFA968B00F26BE2 /* Products */ = {
			isa = PBXGroup;
			children = (
				21D18A6A2AFA968B00F26BE2 /* 100-DaysP1_WeSplit.app */,
				21D18A7A2AFA968C00F26BE2 /* 100-DaysP1_WeSplitTests.xctest */,
				21D18A842AFA968C00F26BE2 /* 100-DaysP1_WeSplitUITests.xctest */,
			);
			name = Products;
			sourceTree = "<group>";
		};
		21D18A6C2AFA968C00F26BE2 /* 100-DaysP1_WeSplit */ = {
			isa = PBXGroup;
			children = (
				21D18A6D2AFA968C00F26BE2 /* _00_DaysP1_WeSplitApp.swift */,
				21D18A6F2AFA968C00F26BE2 /* ContentView.swift */,
				21D18A712AFA968C00F26BE2 /* Assets.xcassets */,
				21D18A732AFA968C00F26BE2 /* Preview Content */,
			);
			path = "100-DaysP1_WeSplit";
			sourceTree = "<group>";
		};
		21D18A732AFA968C00F26BE2 /* Preview Content */ = {
			isa = PBXGroup;
			children = (
				21D18A742AFA968C00F26BE2 /* Preview Assets.xcassets */,
			);
			path = "Preview Content";
			sourceTree = "<group>";
		};
		21D18A7D2AFA968C00F26BE2 /* 100-DaysP1_WeSplitTests */ = {
			isa = PBXGroup;
			children = (
				21D18A7E2AFA968C00F26BE2 /* _00_DaysP1_WeSplitTests.swift */,
			);
			path = "100-DaysP1_WeSplitTests";
			sourceTree = "<group>";
		};
		21D18A872AFA968C00F26BE2 /* 100-DaysP1_WeSplitUITests */ = {
			isa = PBXGroup;
			children = (
				21D18A882AFA968C00F26BE2 /* _00_DaysP1_WeSplitUITests.swift */,
				21D18A8A2AFA968C00F26BE2 /* _00_DaysP1_WeSplitUITestsLaunchTests.swift */,
			);
			path = "100-DaysP1_WeSplitUITests";
			sourceTree = "<group>";
		};
/* End PBXGroup section */

/* Begin PBXNativeTarget section */
		21D18A692AFA968B00F26BE2 /* 100-DaysP1_WeSplit */ = {
			isa = PBXNativeTarget;
			buildConfigurationList = 21D18A8E2AFA968C00F26BE2 /* Build configuration list for PBXNativeTarget "100-DaysP1_WeSplit" */;
			buildPhases = (
				21D18A662AFA968B00F26BE2 /* Sources */,
				21D18A672AFA968B00F26BE2 /* Frameworks */,
				21D18A682AFA968B00F26BE2 /* Resources */,
			);
			buildRules = (
			);
			dependencies = (
			);
			name = "100-DaysP1_WeSplit";
			productName = "100-DaysP1_WeSplit";
			productReference = 21D18A6A2AFA968B00F26BE2 /* 100-DaysP1_WeSplit.app */;
			productType = "com.apple.product-type.application";
		};
		21D18A792AFA968C00F26BE2 /* 100-DaysP1_WeSplitTests */ = {
			isa = PBXNativeTarget;
			buildConfigurationList = 21D18A912AFA968C00F26BE2 /* Build configuration list for PBXNativeTarget "100-DaysP1_WeSplitTests" */;
			buildPhases = (
				21D18A762AFA968C00F26BE2 /* Sources */,
				21D18A772AFA968C00F26BE2 /* Frameworks */,
				21D18A782AFA968C00F26BE2 /* Resources */,
			);
			buildRules = (
			);
			dependencies = (
				21D18A7C2AFA968C00F26BE2 /* PBXTargetDependency */,
			);
			name = "100-DaysP1_WeSplitTests";
			productName = "100-DaysP1_WeSplitTests";
			productReference = 21D18A7A2AFA968C00F26BE2 /* 100-DaysP1_WeSplitTests.xctest */;
			productType = "com.apple.product-type.bundle.unit-test";
		};
		21D18A832AFA968C00F26BE2 /* 100-DaysP1_WeSplitUITests */ = {
			isa = PBXNativeTarget;
			buildConfigurationList = 21D18A942AFA968C00F26BE2 /* Build configuration list for PBXNativeTarget "100-DaysP1_WeSplitUITests" */;
			buildPhases = (
				21D18A802AFA968C00F26BE2 /* Sources */,
				21D18A812AFA968C00F26BE2 /* Frameworks */,
				21D18A822AFA968C00F26BE2 /* Resources */,
			);
			buildRules = (
			);
			dependencies = (
				21D18A862AFA968C00F26BE2 /* PBXTargetDependency */,
			);
			name = "100-DaysP1_WeSplitUITests";
			productName = "100-DaysP1_WeSplitUITests";
			productReference = 21D18A842AFA968C00F26BE2 /* 100-DaysP1_WeSplitUITests.xctest */;
			productType = "com.apple.product-type.bundle.ui-testing";
		};
/* End PBXNativeTarget section */

/* Begin PBXProject section */
		21D18A622AFA968B00F26BE2 /* Project object */ = {
			isa = PBXProject;
			attributes = {
				BuildIndependentTargetsInParallel = 1;
				LastSwiftUpdateCheck = 1430;
				LastUpgradeCheck = 1430;
				TargetAttributes = {
					21D18A692AFA968B00F26BE2 = {
						CreatedOnToolsVersion = 14.3.1;
					};
					21D18A792AFA968C00F26BE2 = {
						CreatedOnToolsVersion = 14.3.1;
						TestTargetID = 21D18A692AFA968B00F26BE2;
					};
					21D18A832AFA968C00F26BE2 = {
						CreatedOnToolsVersion = 14.3.1;
						TestTargetID = 21D18A692AFA968B00F26BE2;
					};
				};
			};
			buildConfigurationList = 21D18A652AFA968B00F26BE2 /* Build configuration list for PBXProject "100-DaysP1_WeSplit" */;
			compatibilityVersion = "Xcode 14.0";
			developmentRegion = en;
			hasScannedForEncodings = 0;
			knownRegions = (
				en,
				Base,
			);
			mainGroup = 21D18A612AFA968B00F26BE2;
			productRefGroup = 21D18A6B2AFA968B00F26BE2 /* Products */;
			projectDirPath = "";
			projectRoot = "";
			targets = (
				21D18A692AFA968B00F26BE2 /* 100-DaysP1_WeSplit */,
				21D18A792AFA968C00F26BE2 /* 100-DaysP1_WeSplitTests */,
				21D18A832AFA968C00F26BE2 /* 100-DaysP1_WeSplitUITests */,
			);
		};
/* End PBXProject section */

/* Begin PBXResourcesBuildPhase section */
		21D18A682AFA968B00F26BE2 /* Resources */ = {
			isa = PBXResourcesBuildPhase;
			buildActionMask = 2147483647;
			files = (
				21D18A752AFA968C00F26BE2 /* Preview Assets.xcassets in Resources */,
				21D18A722AFA968C00F26BE2 /* Assets.xcassets in Resources */,
			);
			runOnlyForDeploymentPostprocessing = 0;
		};
		21D18A782AFA968C00F26BE2 /* Resources */ = {
			isa = PBXResourcesBuildPhase;
			buildActionMask = 2147483647;
			files = (
			);
			runOnlyForDeploymentPostprocessing = 0;
		};
		21D18A822AFA968C00F26BE2 /* Resources */ = {
			isa = PBXResourcesBuildPhase;
			buildActionMask = 2147483647;
			files = (
			);
			runOnlyForDeploymentPostprocessing = 0;
		};
/* End PBXResourcesBuildPhase section */

/* Begin PBXSourcesBuildPhase section */
		21D18A662AFA968B00F26BE2 /* Sources */ = {
			isa = PBXSourcesBuildPhase;
			buildActionMask = 2147483647;
			files = (
				21D18A702AFA968C00F26BE2 /* ContentView.swift in Sources */,
				21D18A6E2AFA968C00F26BE2 /* _00_DaysP1_WeSplitApp.swift in Sources */,
			);
			runOnlyForDeploymentPostprocessing = 0;
		};
		21D18A762AFA968C00F26BE2 /* Sources */ = {
			isa = PBXSourcesBuildPhase;
			buildActionMask = 2147483647;
			files = (
				21D18A7F2AFA968C00F26BE2 /* _00_DaysP1_WeSplitTests.swift in Sources */,
			);
			runOnlyForDeploymentPostprocessing = 0;
		};
		21D18A802AFA968C00F26BE2 /* Sources */ = {
			isa = PBXSourcesBuildPhase;
			buildActionMask = 2147483647;
			files = (
				21D18A892AFA968C00F26BE2 /* _00_DaysP1_WeSplitUITests.swift in Sources */,
				21D18A8B2AFA968C00F26BE2 /* _00_DaysP1_WeSplitUITestsLaunchTests.swift in Sources */,
			);
			runOnlyForDeploymentPostprocessing = 0;
		};
/* End PBXSourcesBuildPhase section */

/* Begin PBXTargetDependency section */
		21D18A7C2AFA968C00F26BE2 /* PBXTargetDependency */ = {
			isa = PBXTargetDependency;
			target = 21D18A692AFA968B00F26BE2 /* 100-DaysP1_WeSplit */;
			targetProxy = 21D18A7B2AFA968C00F26BE2 /* PBXContainerItemProxy */;
		};
		21D18A862AFA968C00F26BE2 /* PBXTargetDependency */ = {
			isa = PBXTargetDependency;
			target = 21D18A692AFA968B00F26BE2 /* 100-DaysP1_WeSplit */;
			targetProxy = 21D18A852AFA968C00F26BE2 /* PBXContainerItemProxy */;
		};
/* End PBXTargetDependency section */

/* Begin XCBuildConfiguration section */
		21D18A8C2AFA968C00F26BE2 /* Debug */ = {
			isa = XCBuildConfiguration;
			buildSettings = {
				ALWAYS_SEARCH_USER_PATHS = NO;
				CLANG_ANALYZER_NONNULL = YES;
				CLANG_ANALYZER_NUMBER_OBJECT_CONVERSION = YES_AGGRESSIVE;
				CLANG_CXX_LANGUAGE_STANDARD = "gnu++20";
				CLANG_ENABLE_MODULES = YES;
				CLANG_ENABLE_OBJC_ARC = YES;
				CLANG_ENABLE_OBJC_WEAK = YES;
				CLANG_WARN_BLOCK_CAPTURE_AUTORELEASING = YES;
				CLANG_WARN_BOOL_CONVERSION = YES;
				CLANG_WARN_COMMA = YES;
				CLANG_WARN_CONSTANT_CONVERSION = YES;
				CLANG_WARN_DEPRECATED_OBJC_IMPLEMENTATIONS = YES;
				CLANG_WARN_DIRECT_OBJC_ISA_USAGE = YES_ERROR;
				CLANG_WARN_DOCUMENTATION_COMMENTS = YES;
				CLANG_WARN_EMPTY_BODY = YES;
				CLANG_WARN_ENUM_CONVERSION = YES;
				CLANG_WARN_INFINITE_RECURSION = YES;
				CLANG_WARN_INT_CONVERSION = YES;
				CLANG_WARN_NON_LITERAL_NULL_CONVERSION = YES;
				CLANG_WARN_OBJC_IMPLICIT_RETAIN_SELF = YES;
				CLANG_WARN_OBJC_LITERAL_CONVERSION = YES;
				CLANG_WARN_OBJC_ROOT_CLASS = YES_ERROR;
				CLANG_WARN_QUOTED_INCLUDE_IN_FRAMEWORK_HEADER = YES;
				CLANG_WARN_RANGE_LOOP_ANALYSIS = YES;
				CLANG_WARN_STRICT_PROTOTYPES = YES;
				CLANG_WARN_SUSPICIOUS_MOVE = YES;
				CLANG_WARN_UNGUARDED_AVAILABILITY = YES_AGGRESSIVE;
				CLANG_WARN_UNREACHABLE_CODE = YES;
				CLANG_WARN__DUPLICATE_METHOD_MATCH = YES;
				COPY_PHASE_STRIP = NO;
				DEBUG_INFORMATION_FORMAT = dwarf;
				ENABLE_STRICT_OBJC_MSGSEND = YES;
				ENABLE_TESTABILITY = YES;
				GCC_C_LANGUAGE_STANDARD = gnu11;
				GCC_DYNAMIC_NO_PIC = NO;
				GCC_NO_COMMON_BLOCKS = YES;
				GCC_OPTIMIZATION_LEVEL = 0;
				GCC_PREPROCESSOR_DEFINITIONS = (
					"DEBUG=1",
					"$(inherited)",
				);
				GCC_WARN_64_TO_32_BIT_CONVERSION = YES;
				GCC_WARN_ABOUT_RETURN_TYPE = YES_ERROR;
				GCC_WARN_UNDECLARED_SELECTOR = YES;
				GCC_WARN_UNINITIALIZED_AUTOS = YES_AGGRESSIVE;
				GCC_WARN_UNUSED_FUNCTION = YES;
				GCC_WARN_UNUSED_VARIABLE = YES;
				IPHONEOS_DEPLOYMENT_TARGET = 16.4;
				MTL_ENABLE_DEBUG_INFO = INCLUDE_SOURCE;
				MTL_FAST_MATH = YES;
				ONLY_ACTIVE_ARCH = YES;
				SDKROOT = iphoneos;
				SWIFT_ACTIVE_COMPILATION_CONDITIONS = DEBUG;
				SWIFT_OPTIMIZATION_LEVEL = "-Onone";
			};
			name = Debug;
		};
		21D18A8D2AFA968C00F26BE2 /* Release */ = {
			isa = XCBuildConfiguration;
			buildSettings = {
				ALWAYS_SEARCH_USER_PATHS = NO;
				CLANG_ANALYZER_NONNULL = YES;
				CLANG_ANALYZER_NUMBER_OBJECT_CONVERSION = YES_AGGRESSIVE;
				CLANG_CXX_LANGUAGE_STANDARD = "gnu++20";
				CLANG_ENABLE_MODULES = YES;
				CLANG_ENABLE_OBJC_ARC = YES;
				CLANG_ENABLE_OBJC_WEAK = YES;
				CLANG_WARN_BLOCK_CAPTURE_AUTORELEASING = YES;
				CLANG_WARN_BOOL_CONVERSION = YES;
				CLANG_WARN_COMMA = YES;
				CLANG_WARN_CONSTANT_CONVERSION = YES;
				CLANG_WARN_DEPRECATED_OBJC_IMPLEMENTATIONS = YES;
				CLANG_WARN_DIRECT_OBJC_ISA_USAGE = YES_ERROR;
				CLANG_WARN_DOCUMENTATION_COMMENTS = YES;
				CLANG_WARN_EMPTY_BODY = YES;
				CLANG_WARN_ENUM_CONVERSION = YES;
				CLANG_WARN_INFINITE_RECURSION = YES;
				CLANG_WARN_INT_CONVERSION = YES;
				CLANG_WARN_NON_LITERAL_NULL_CONVERSION = YES;
				CLANG_WARN_OBJC_IMPLICIT_RETAIN_SELF = YES;
				CLANG_WARN_OBJC_LITERAL_CONVERSION = YES;
				CLANG_WARN_OBJC_ROOT_CLASS = YES_ERROR;
				CLANG_WARN_QUOTED_INCLUDE_IN_FRAMEWORK_HEADER = YES;
				CLANG_WARN_RANGE_LOOP_ANALYSIS = YES;
				CLANG_WARN_STRICT_PROTOTYPES = YES;
				CLANG_WARN_SUSPICIOUS_MOVE = YES;
				CLANG_WARN_UNGUARDED_AVAILABILITY = YES_AGGRESSIVE;
				CLANG_WARN_UNREACHABLE_CODE = YES;
				CLANG_WARN__DUPLICATE_METHOD_MATCH = YES;
				COPY_PHASE_STRIP = NO;
				DEBUG_INFORMATION_FORMAT = "dwarf-with-dsym";
				ENABLE_NS_ASSERTIONS = NO;
				ENABLE_STRICT_OBJC_MSGSEND = YES;
				GCC_C_LANGUAGE_STANDARD = gnu11;
				GCC_NO_COMMON_BLOCKS = YES;
				GCC_WARN_64_TO_32_BIT_CONVERSION = YES;
				GCC_WARN_ABOUT_RETURN_TYPE = YES_ERROR;
				GCC_WARN_UNDECLARED_SELECTOR = YES;
				GCC_WARN_UNINITIALIZED_AUTOS = YES_AGGRESSIVE;
				GCC_WARN_UNUSED_FUNCTION = YES;
				GCC_WARN_UNUSED_VARIABLE = YES;
				IPHONEOS_DEPLOYMENT_TARGET = 16.4;
				MTL_ENABLE_DEBUG_INFO = NO;
				MTL_FAST_MATH = YES;
				SDKROOT = iphoneos;
				SWIFT_COMPILATION_MODE = wholemodule;
				SWIFT_OPTIMIZATION_LEVEL = "-O";
				VALIDATE_PRODUCT = YES;
			};
			name = Release;
		};
		21D18A8F2AFA968C00F26BE2 /* Debug */ = {
			isa = XCBuildConfiguration;
			buildSettings = {
				ASSETCATALOG_COMPILER_APPICON_NAME = AppIcon;
				ASSETCATALOG_COMPILER_GLOBAL_ACCENT_COLOR_NAME = AccentColor;
				CODE_SIGN_STYLE = Automatic;
				CURRENT_PROJECT_VERSION = 1;
				DEVELOPMENT_ASSET_PATHS = "\"100-DaysP1_WeSplit/Preview Content\"";
				ENABLE_PREVIEWS = YES;
				GENERATE_INFOPLIST_FILE = YES;
				INFOPLIST_KEY_UIApplicationSceneManifest_Generation = YES;
				INFOPLIST_KEY_UIApplicationSupportsIndirectInputEvents = YES;
				INFOPLIST_KEY_UILaunchScreen_Generation = YES;
				INFOPLIST_KEY_UISupportedInterfaceOrientations_iPad = "UIInterfaceOrientationPortrait UIInterfaceOrientationPortraitUpsideDown UIInterfaceOrientationLandscapeLeft UIInterfaceOrientationLandscapeRight";
				INFOPLIST_KEY_UISupportedInterfaceOrientations_iPhone = "UIInterfaceOrientationPortrait UIInterfaceOrientationLandscapeLeft UIInterfaceOrientationLandscapeRight";
				LD_RUNPATH_SEARCH_PATHS = (
					"$(inherited)",
					"@executable_path/Frameworks",
				);
				MARKETING_VERSION = 1.0;
				PRODUCT_BUNDLE_IDENTIFIER = "SwiftUI.-00-DaysP1-WeSplit";
				PRODUCT_NAME = "$(TARGET_NAME)";
				SWIFT_EMIT_LOC_STRINGS = YES;
				SWIFT_VERSION = 5.0;
				TARGETED_DEVICE_FAMILY = "1,2";
			};
			name = Debug;
		};
		21D18A902AFA968C00F26BE2 /* Release */ = {
			isa = XCBuildConfiguration;
			buildSettings = {
				ASSETCATALOG_COMPILER_APPICON_NAME = AppIcon;
				ASSETCATALOG_COMPILER_GLOBAL_ACCENT_COLOR_NAME = AccentColor;
				CODE_SIGN_STYLE = Automatic;
				CURRENT_PROJECT_VERSION = 1;
				DEVELOPMENT_ASSET_PATHS = "\"100-DaysP1_WeSplit/Preview Content\"";
				ENABLE_PREVIEWS = YES;
				GENERATE_INFOPLIST_FILE = YES;
				INFOPLIST_KEY_UIApplicationSceneManifest_Generation = YES;
				INFOPLIST_KEY_UIApplicationSupportsIndirectInputEvents = YES;
				INFOPLIST_KEY_UILaunchScreen_Generation = YES;
				INFOPLIST_KEY_UISupportedInterfaceOrientations_iPad = "UIInterfaceOrientationPortrait UIInterfaceOrientationPortraitUpsideDown UIInterfaceOrientationLandscapeLeft UIInterfaceOrientationLandscapeRight";
				INFOPLIST_KEY_UISupportedInterfaceOrientations_iPhone = "UIInterfaceOrientationPortrait UIInterfaceOrientationLandscapeLeft UIInterfaceOrientationLandscapeRight";
				LD_RUNPATH_SEARCH_PATHS = (
					"$(inherited)",
					"@executable_path/Frameworks",
				);
				MARKETING_VERSION = 1.0;
				PRODUCT_BUNDLE_IDENTIFIER = "SwiftUI.-00-DaysP1-WeSplit";
				PRODUCT_NAME = "$(TARGET_NAME)";
				SWIFT_EMIT_LOC_STRINGS = YES;
				SWIFT_VERSION = 5.0;
				TARGETED_DEVICE_FAMILY = "1,2";
			};
			name = Release;
		};
		21D18A922AFA968C00F26BE2 /* Debug */ = {
			isa = XCBuildConfiguration;
			buildSettings = {
				ALWAYS_EMBED_SWIFT_STANDARD_LIBRARIES = YES;
				BUNDLE_LOADER = "$(TEST_HOST)";
				CODE_SIGN_STYLE = Automatic;
				CURRENT_PROJECT_VERSION = 1;
				GENERATE_INFOPLIST_FILE = YES;
				IPHONEOS_DEPLOYMENT_TARGET = 16.4;
				MARKETING_VERSION = 1.0;
				PRODUCT_BUNDLE_IDENTIFIER = "SwiftUI.-00-DaysP1-WeSplitTests";
				PRODUCT_NAME = "$(TARGET_NAME)";
				SWIFT_EMIT_LOC_STRINGS = NO;
				SWIFT_VERSION = 5.0;
				TARGETED_DEVICE_FAMILY = "1,2";
				TEST_HOST = "$(BUILT_PRODUCTS_DIR)/100-DaysP1_WeSplit.app/$(BUNDLE_EXECUTABLE_FOLDER_PATH)/100-DaysP1_WeSplit";
			};
			name = Debug;
		};
		21D18A932AFA968C00F26BE2 /* Release */ = {
			isa = XCBuildConfiguration;
			buildSettings = {
				ALWAYS_EMBED_SWIFT_STANDARD_LIBRARIES = YES;
				BUNDLE_LOADER = "$(TEST_HOST)";
				CODE_SIGN_STYLE = Automatic;
				CURRENT_PROJECT_VERSION = 1;
				GENERATE_INFOPLIST_FILE = YES;
				IPHONEOS_DEPLOYMENT_TARGET = 16.4;
				MARKETING_VERSION = 1.0;
				PRODUCT_BUNDLE_IDENTIFIER = "SwiftUI.-00-DaysP1-WeSplitTests";
				PRODUCT_NAME = "$(TARGET_NAME)";
				SWIFT_EMIT_LOC_STRINGS = NO;
				SWIFT_VERSION = 5.0;
				TARGETED_DEVICE_FAMILY = "1,2";
				TEST_HOST = "$(BUILT_PRODUCTS_DIR)/100-DaysP1_WeSplit.app/$(BUNDLE_EXECUTABLE_FOLDER_PATH)/100-DaysP1_WeSplit";
			};
			name = Release;
		};
		21D18A952AFA968C00F26BE2 /* Debug */ = {
			isa = XCBuildConfiguration;
			buildSettings = {
				ALWAYS_EMBED_SWIFT_STANDARD_LIBRARIES = YES;
				CODE_SIGN_STYLE = Automatic;
				CURRENT_PROJECT_VERSION = 1;
				GENERATE_INFOPLIST_FILE = YES;
				MARKETING_VERSION = 1.0;
				PRODUCT_BUNDLE_IDENTIFIER = "SwiftUI.-00-DaysP1-WeSplitUITests";
				PRODUCT_NAME = "$(TARGET_NAME)";
				SWIFT_EMIT_LOC_STRINGS = NO;
				SWIFT_VERSION = 5.0;
				TARGETED_DEVICE_FAMILY = "1,2";
				TEST_TARGET_NAME = "100-DaysP1_WeSplit";
			};
			name = Debug;
		};
		21D18A962AFA968C00F26BE2 /* Release */ = {
			isa = XCBuildConfiguration;
			buildSettings = {
				ALWAYS_EMBED_SWIFT_STANDARD_LIBRARIES = YES;
				CODE_SIGN_STYLE = Automatic;
				CURRENT_PROJECT_VERSION = 1;
				GENERATE_INFOPLIST_FILE = YES;
				MARKETING_VERSION = 1.0;
				PRODUCT_BUNDLE_IDENTIFIER = "SwiftUI.-00-DaysP1-WeSplitUITests";
				PRODUCT_NAME = "$(TARGET_NAME)";
				SWIFT_EMIT_LOC_STRINGS = NO;
				SWIFT_VERSION = 5.0;
				TARGETED_DEVICE_FAMILY = "1,2";
				TEST_TARGET_NAME = "100-DaysP1_WeSplit";
			};
			name = Release;
		};
/* End XCBuildConfiguration section */

/* Begin XCConfigurationList section */
		21D18A652AFA968B00F26BE2 /* Build configuration list for PBXProject "100-DaysP1_WeSplit" */ = {
			isa = XCConfigurationList;
			buildConfigurations = (
				21D18A8C2AFA968C00F26BE2 /* Debug */,
				21D18A8D2AFA968C00F26BE2 /* Release */,
			);
			defaultConfigurationIsVisible = 0;
			defaultConfigurationName = Release;
		};
		21D18A8E2AFA968C00F26BE2 /* Build configuration list for PBXNativeTarget "100-DaysP1_WeSplit" */ = {
			isa = XCConfigurationList;
			buildConfigurations = (
				21D18A8F2AFA968C00F26BE2 /* Debug */,
				21D18A902AFA968C00F26BE2 /* Release */,
			);
			defaultConfigurationIsVisible = 0;
			defaultConfigurationName = Release;
		};
		21D18A912AFA968C00F26BE2 /* Build configuration list for PBXNativeTarget "100-DaysP1_WeSplitTests" */ = {
			isa = XCConfigurationList;
			buildConfigurations = (
				21D18A922AFA968C00F26BE2 /* Debug */,
				21D18A932AFA968C00F26BE2 /* Release */,
			);
			defaultConfigurationIsVisible = 0;
			defaultConfigurationName = Release;
		};
		21D18A942AFA968C00F26BE2 /* Build configuration list for PBXNativeTarget "100-DaysP1_WeSplitUITests" */ = {
			isa = XCConfigurationList;
			buildConfigurations = (
				21D18A952AFA968C00F26BE2 /* Debug */,
				21D18A962AFA968C00F26BE2 /* Release */,
			);
			defaultConfigurationIsVisible = 0;
			defaultConfigurationName = Release;
		};
/* End XCConfigurationList section */
	};
	rootObject = 21D18A622AFA968B00F26BE2 /* Project object */;
}
